
Microsoft Visual Studio Solution File, Format Version 12.00
# Visual Studio Version 17
VisualStudioVersion = 17.7.34024.191
MinimumVisualStudioVersion = 10.0.40219.1
Project("{FAE04EC0-301F-11D3-BF4B-00C04F79EFBC}") = "Gestproject.Shared", "Gestproject.Shared\Gestproject.Shared.csproj", "{D6B36836-2BB8-4443-A92B-A6A35180D89B}"
EndProject
Project("{FAE04EC0-301F-11D3-BF4B-00C04F79EFBC}") = "Gestproject.API", "Gestproject.API\Gestproject.API.csproj", "{3A97DAD2-4B7E-4E3F-B641-2164642CBFD4}"
EndProject
Global
	GlobalSection(SolutionConfigurationPlatforms) = preSolution
		Debug|Any CPU = Debug|Any CPU
		Release|Any CPU = Release|Any CPU
	EndGlobalSection
	GlobalSection(ProjectConfigurationPlatforms) = postSolution
		{D6B36836-2BB8-4443-A92B-A6A35180D89B}.Debug|Any CPU.ActiveCfg = Debug|Any CPU
		{D6B36836-2BB8-4443-A92B-A6A35180D89B}.Debug|Any CPU.Build.0 = Debug|Any CPU
		{D6B36836-2BB8-4443-A92B-A6A35180D89B}.Release|Any CPU.ActiveCfg = Release|Any CPU
		{D6B36836-2BB8-4443-A92B-A6A35180D89B}.Release|Any CPU.Build.0 = Release|Any CPU
		{3A97DAD2-4B7E-4E3F-B641-2164642CBFD4}.Debug|Any CPU.ActiveCfg = Debug|Any CPU
		{3A97DAD2-4B7E-4E3F-B641-2164642CBFD4}.Debug|Any CPU.Build.0 = Debug|Any CPU
		{3A97DAD2-4B7E-4E3F-B641-2164642CBFD4}.Release|Any CPU.ActiveCfg = Release|Any CPU
		{3A97DAD2-4B7E-4E3F-B641-2164642CBFD4}.Release|Any CPU.Build.0 = Release|Any CPU
	EndGlobalSection
	GlobalSection(SolutionProperties) = preSolution
		HideSolutionNode = FALSE
	EndGlobalSection
	GlobalSection(ExtensibilityGlobals) = postSolution
		SolutionGuid = {EDD39F1F-B0B2-4C6C-BB75-675B0A3B26D4}
	EndGlobalSection
EndGlobal
